// !$*UTF8*$!
{
	archiveVersion = 1;
	classes = {
	};
	objectVersion = 50;
	objects = {

/* Begin PBXBuildFile section */
		5947D189263978B40055378C /* AppDelegate.swift in Sources */ = {isa = PBXBuildFile; fileRef = 5947D188263978B40055378C /* AppDelegate.swift */; };
		5947D18B263978B40055378C /* SceneDelegate.swift in Sources */ = {isa = PBXBuildFile; fileRef = 5947D18A263978B40055378C /* SceneDelegate.swift */; };
		5947D190263978B40055378C /* Main.storyboard in Resources */ = {isa = PBXBuildFile; fileRef = 5947D18E263978B40055378C /* Main.storyboard */; };
		5947D192263978B50055378C /* Assets.xcassets in Resources */ = {isa = PBXBuildFile; fileRef = 5947D191263978B50055378C /* Assets.xcassets */; };
		5947D195263978B50055378C /* LaunchScreen.storyboard in Resources */ = {isa = PBXBuildFile; fileRef = 5947D193263978B50055378C /* LaunchScreen.storyboard */; };
		5947D19F263979B50055378C /* PlacesListViewController.swift in Sources */ = {isa = PBXBuildFile; fileRef = 5947D19E263979B50055378C /* PlacesListViewController.swift */; };
		5947D1A32639864B0055378C /* CustomTableViewCell.swift in Sources */ = {isa = PBXBuildFile; fileRef = 5947D1A22639864B0055378C /* CustomTableViewCell.swift */; };
		5947D1A626398A4F0055378C /* placeModel.swift in Sources */ = {isa = PBXBuildFile; fileRef = 5947D1A526398A4F0055378C /* placeModel.swift */; };
/* End PBXBuildFile section */

/* Begin PBXFileReference section */
		5947D185263978B40055378C /* MyPlaces 2.0.app */ = {isa = PBXFileReference; explicitFileType = wrapper.application; includeInIndex = 0; path = "MyPlaces 2.0.app"; sourceTree = BUILT_PRODUCTS_DIR; };
		5947D188263978B40055378C /* AppDelegate.swift */ = {isa = PBXFileReference; lastKnownFileType = sourcecode.swift; path = AppDelegate.swift; sourceTree = "<group>"; };
		5947D18A263978B40055378C /* SceneDelegate.swift */ = {isa = PBXFileReference; lastKnownFileType = sourcecode.swift; path = SceneDelegate.swift; sourceTree = "<group>"; };
		5947D18F263978B40055378C /* Base */ = {isa = PBXFileReference; lastKnownFileType = file.storyboard; name = Base; path = Base.lproj/Main.storyboard; sourceTree = "<group>"; };
		5947D191263978B50055378C /* Assets.xcassets */ = {isa = PBXFileReference; lastKnownFileType = folder.assetcatalog; path = Assets.xcassets; sourceTree = "<group>"; };
		5947D194263978B50055378C /* Base */ = {isa = PBXFileReference; lastKnownFileType = file.storyboard; name = Base; path = Base.lproj/LaunchScreen.storyboard; sourceTree = "<group>"; };
		5947D196263978B50055378C /* Info.plist */ = {isa = PBXFileReference; lastKnownFileType = text.plist.xml; path = Info.plist; sourceTree = "<group>"; };
		5947D19E263979B50055378C /* PlacesListViewController.swift */ = {isa = PBXFileReference; lastKnownFileType = sourcecode.swift; path = PlacesListViewController.swift; sourceTree = "<group>"; };
		5947D1A22639864B0055378C /* CustomTableViewCell.swift */ = {isa = PBXFileReference; lastKnownFileType = sourcecode.swift; path = CustomTableViewCell.swift; sourceTree = "<group>"; };
		5947D1A526398A4F0055378C /* placeModel.swift */ = {isa = PBXFileReference; lastKnownFileType = sourcecode.swift; path = placeModel.swift; sourceTree = "<group>"; };
/* End PBXFileReference section */

/* Begin PBXFrameworksBuildPhase section */
		5947D182263978B40055378C /* Frameworks */ = {
			isa = PBXFrameworksBuildPhase;
			buildActionMask = 2147483647;
			files = (
			);
			runOnlyForDeploymentPostprocessing = 0;
		};
/* End PBXFrameworksBuildPhase section */

/* Begin PBXGroup section */
		5947D17C263978B40055378C = {
			isa = PBXGroup;
			children = (
				5947D187263978B40055378C /* MyPlaces 2.0 */,
				5947D186263978B40055378C /* Products */,
			);
			sourceTree = "<group>";
		};
		5947D186263978B40055378C /* Products */ = {
			isa = PBXGroup;
			children = (
				5947D185263978B40055378C /* MyPlaces 2.0.app */,
			);
			name = Products;
			sourceTree = "<group>";
		};
		5947D187263978B40055378C /* MyPlaces 2.0 */ = {
			isa = PBXGroup;
			children = (
				5947D188263978B40055378C /* AppDelegate.swift */,
				5947D18A263978B40055378C /* SceneDelegate.swift */,
				5947D18E263978B40055378C /* Main.storyboard */,
				5947D1A526398A4F0055378C /* placeModel.swift */,
				5947D1A22639864B0055378C /* CustomTableViewCell.swift */,
				5947D19E263979B50055378C /* PlacesListViewController.swift */,
				5947D191263978B50055378C /* Assets.xcassets */,
				5947D193263978B50055378C /* LaunchScreen.storyboard */,
				5947D196263978B50055378C /* Info.plist */,
			);
			path = "MyPlaces 2.0";
			sourceTree = "<group>";
		};
/* End PBXGroup section */

/* Begin PBXNativeTarget section */
		5947D184263978B40055378C /* MyPlaces 2.0 */ = {
			isa = PBXNativeTarget;
			buildConfigurationList = 5947D199263978B50055378C /* Build configuration list for PBXNativeTarget "MyPlaces 2.0" */;
			buildPhases = (
				5947D181263978B40055378C /* Sources */,
				5947D182263978B40055378C /* Frameworks */,
				5947D183263978B40055378C /* Resources */,
			);
			buildRules = (
			);
			dependencies = (
			);
			name = "MyPlaces 2.0";
			productName = "MyPlaces 2.0";
			productReference = 5947D185263978B40055378C /* MyPlaces 2.0.app */;
			productType = "com.apple.product-type.application";
		};
/* End PBXNativeTarget section */

/* Begin PBXProject section */
		5947D17D263978B40055378C /* Project object */ = {
			isa = PBXProject;
			attributes = {
				LastSwiftUpdateCheck = 1240;
				LastUpgradeCheck = 1240;
				TargetAttributes = {
					5947D184263978B40055378C = {
						CreatedOnToolsVersion = 12.4;
					};
				};
			};
			buildConfigurationList = 5947D180263978B40055378C /* Build configuration list for PBXProject "MyPlaces 2.0" */;
			compatibilityVersion = "Xcode 9.3";
			developmentRegion = en;
			hasScannedForEncodings = 0;
			knownRegions = (
				en,
				Base,
			);
			mainGroup = 5947D17C263978B40055378C;
			productRefGroup = 5947D186263978B40055378C /* Products */;
			projectDirPath = "";
			projectRoot = "";
			targets = (
				5947D184263978B40055378C /* MyPlaces 2.0 */,
			);
		};
/* End PBXProject section */

/* Begin PBXResourcesBuildPhase section */
		5947D183263978B40055378C /* Resources */ = {
			isa = PBXResourcesBuildPhase;
			buildActionMask = 2147483647;
			files = (
				5947D195263978B50055378C /* LaunchScreen.storyboard in Resources */,
				5947D192263978B50055378C /* Assets.xcassets in Resources */,
				5947D190263978B40055378C /* Main.storyboard in Resources */,
			);
			runOnlyForDeploymentPostprocessing = 0;
		};
/* End PBXResourcesBuildPhase section */

/* Begin PBXSourcesBuildPhase section */
		5947D181263978B40055378C /* Sources */ = {
			isa = PBXSourcesBuildPhase;
			buildActionMask = 2147483647;
			files = (
				5947D189263978B40055378C /* AppDelegate.swift in Sources */,
				5947D19F263979B50055378C /* PlacesListViewController.swift in Sources */,
				5947D1A32639864B0055378C /* CustomTableViewCell.swift in Sources */,
				5947D1A626398A4F0055378C /* placeModel.swift in Sources */,
				5947D18B263978B40055378C /* SceneDelegate.swift in Sources */,
			);
			runOnlyForDeploymentPostprocessing = 0;
		};
/* End PBXSourcesBuildPhase section */

/* Begin PBXVariantGroup section */
		5947D18E263978B40055378C /* Main.storyboard */ = {
			isa = PBXVariantGroup;
			children = (
				5947D18F263978B40055378C /* Base */,
			);
			name = Main.storyboard;
			sourceTree = "<group>";
		};
		5947D193263978B50055378C /* LaunchScreen.storyboard */ = {
			isa = PBXVariantGroup;
			children = (
				5947D194263978B50055378C /* Base */,
			);
			name = LaunchScreen.storyboard;
			sourceTree = "<group>";
		};
/* End PBXVariantGroup section */

/* Begin XCBuildConfiguration section */
		5947D197263978B50055378C /* Debug */ = {
			isa = XCBuildConfiguration;
			buildSettings = {
				ALWAYS_SEARCH_USER_PATHS = NO;
				CLANG_ANALYZER_NONNULL = YES;
				CLANG_ANALYZER_NUMBER_OBJECT_CONVERSION = YES_AGGRESSIVE;
				CLANG_CXX_LANGUAGE_STANDARD = "gnu++14";
				CLANG_CXX_LIBRARY = "libc++";
				CLANG_ENABLE_MODULES = YES;
				CLANG_ENABLE_OBJC_ARC = YES;
				CLANG_ENABLE_OBJC_WEAK = YES;
				CLANG_WARN_BLOCK_CAPTURE_AUTORELEASING = YES;
				CLANG_WARN_BOOL_CONVERSION = YES;
				CLANG_WARN_COMMA = YES;
				CLANG_WARN_CONSTANT_CONVERSION = YES;
				CLANG_WARN_DEPRECATED_OBJC_IMPLEMENTATIONS = YES;
				CLANG_WARN_DIRECT_OBJC_ISA_USAGE = YES_ERROR;
				CLANG_WARN_DOCUMENTATION_COMMENTS = YES;
				CLANG_WARN_EMPTY_BODY = YES;
				CLANG_WARN_ENUM_CONVERSION = YES;
				CLANG_WARN_INFINITE_RECURSION = YES;
				CLANG_WARN_INT_CONVERSION = YES;
				CLANG_WARN_NON_LITERAL_NULL_CONVERSION = YES;
				CLANG_WARN_OBJC_IMPLICIT_RETAIN_SELF = YES;
				CLANG_WARN_OBJC_LITERAL_CONVERSION = YES;
				CLANG_WARN_OBJC_ROOT_CLASS = YES_ERROR;
				CLANG_WARN_QUOTED_INCLUDE_IN_FRAMEWORK_HEADER = YES;
				CLANG_WARN_RANGE_LOOP_ANALYSIS = YES;
				CLANG_WARN_STRICT_PROTOTYPES = YES;
				CLANG_WARN_SUSPICIOUS_MOVE = YES;
				CLANG_WARN_UNGUARDED_AVAILABILITY = YES_AGGRESSIVE;
				CLANG_WARN_UNREACHABLE_CODE = YES;
				CLANG_WARN__DUPLICATE_METHOD_MATCH = YES;
				COPY_PHASE_STRIP = NO;
				DEBUG_INFORMATION_FORMAT = dwarf;
				ENABLE_STRICT_OBJC_MSGSEND = YES;
				ENABLE_TESTABILITY = YES;
				GCC_C_LANGUAGE_STANDARD = gnu11;
				GCC_DYNAMIC_NO_PIC = NO;
				GCC_NO_COMMON_BLOCKS = YES;
				GCC_OPTIMIZATION_LEVEL = 0;
				GCC_PREPROCESSOR_DEFINITIONS = (
					"DEBUG=1",
					"$(inherited)",
				);
				GCC_WARN_64_TO_32_BIT_CONVERSION = YES;
				GCC_WARN_ABOUT_RETURN_TYPE = YES_ERROR;
				GCC_WARN_UNDECLARED_SELECTOR = YES;
				GCC_WARN_UNINITIALIZED_AUTOS = YES_AGGRESSIVE;
				GCC_WARN_UNUSED_FUNCTION = YES;
				GCC_WARN_UNUSED_VARIABLE = YES;
				IPHONEOS_DEPLOYMENT_TARGET = 14.4;
				MTL_ENABLE_DEBUG_INFO = INCLUDE_SOURCE;
				MTL_FAST_MATH = YES;
				ONLY_ACTIVE_ARCH = YES;
				SDKROOT = iphoneos;
				SWIFT_ACTIVE_COMPILATION_CONDITIONS = DEBUG;
				SWIFT_OPTIMIZATION_LEVEL = "-Onone";
			};
			name = Debug;
		};
		5947D198263978B50055378C /* Release */ = {
			isa = XCBuildConfiguration;
			buildSettings = {
				ALWAYS_SEARCH_USER_PATHS = NO;
				CLANG_ANALYZER_NONNULL = YES;
				CLANG_ANALYZER_NUMBER_OBJECT_CONVERSION = YES_AGGRESSIVE;
				CLANG_CXX_LANGUAGE_STANDARD = "gnu++14";
				CLANG_CXX_LIBRARY = "libc++";
				CLANG_ENABLE_MODULES = YES;
				CLANG_ENABLE_OBJC_ARC = YES;
				CLANG_ENABLE_OBJC_WEAK = YES;
				CLANG_WARN_BLOCK_CAPTURE_AUTORELEASING = YES;
				CLANG_WARN_BOOL_CONVERSION = YES;
				CLANG_WARN_COMMA = YES;
				CLANG_WARN_CONSTANT_CONVERSION = YES;
				CLANG_WARN_DEPRECATED_OBJC_IMPLEMENTATIONS = YES;
				CLANG_WARN_DIRECT_OBJC_ISA_USAGE = YES_ERROR;
				CLANG_WARN_DOCUMENTATION_COMMENTS = YES;
				CLANG_WARN_EMPTY_BODY = YES;
				CLANG_WARN_ENUM_CONVERSION = YES;
				CLANG_WARN_INFINITE_RECURSION = YES;
				CLANG_WARN_INT_CONVERSION = YES;
				CLANG_WARN_NON_LITERAL_NULL_CONVERSION = YES;
				CLANG_WARN_OBJC_IMPLICIT_RETAIN_SELF = YES;
				CLANG_WARN_OBJC_LITERAL_CONVERSION = YES;
				CLANG_WARN_OBJC_ROOT_CLASS = YES_ERROR;
				CLANG_WARN_QUOTED_INCLUDE_IN_FRAMEWORK_HEADER = YES;
				CLANG_WARN_RANGE_LOOP_ANALYSIS = YES;
				CLANG_WARN_STRICT_PROTOTYPES = YES;
				CLANG_WARN_SUSPICIOUS_MOVE = YES;
				CLANG_WARN_UNGUARDED_AVAILABILITY = YES_AGGRESSIVE;
				CLANG_WARN_UNREACHABLE_CODE = YES;
				CLANG_WARN__DUPLICATE_METHOD_MATCH = YES;
				COPY_PHASE_STRIP = NO;
				DEBUG_INFORMATION_FORMAT = "dwarf-with-dsym";
				ENABLE_NS_ASSERTIONS = NO;
				ENABLE_STRICT_OBJC_MSGSEND = YES;
				GCC_C_LANGUAGE_STANDARD = gnu11;
				GCC_NO_COMMON_BLOCKS = YES;
				GCC_WARN_64_TO_32_BIT_CONVERSION = YES;
				GCC_WARN_ABOUT_RETURN_TYPE = YES_ERROR;
				GCC_WARN_UNDECLARED_SELECTOR = YES;
				GCC_WARN_UNINITIALIZED_AUTOS = YES_AGGRESSIVE;
				GCC_WARN_UNUSED_FUNCTION = YES;
				GCC_WARN_UNUSED_VARIABLE = YES;
				IPHONEOS_DEPLOYMENT_TARGET = 14.4;
				MTL_ENABLE_DEBUG_INFO = NO;
				MTL_FAST_MATH = YES;
				SDKROOT = iphoneos;
				SWIFT_COMPILATION_MODE = wholemodule;
				SWIFT_OPTIMIZATION_LEVEL = "-O";
				VALIDATE_PRODUCT = YES;
			};
			name = Release;
		};
		5947D19A263978B50055378C /* Debug */ = {
			isa = XCBuildConfiguration;
			buildSettings = {
				ASSETCATALOG_COMPILER_APPICON_NAME = AppIcon;
				ASSETCATALOG_COMPILER_GLOBAL_ACCENT_COLOR_NAME = AccentColor;
				CODE_SIGN_STYLE = Automatic;
				DEVELOPMENT_TEAM = 6924K5V5X2;
				INFOPLIST_FILE = "MyPlaces 2.0/Info.plist";
				LD_RUNPATH_SEARCH_PATHS = (
					"$(inherited)",
					"@executable_path/Frameworks",
				);
				PRODUCT_BUNDLE_IDENTIFIER = "OlesyaEgorova.MyPlaces-2-0";
				PRODUCT_NAME = "$(TARGET_NAME)";
				SWIFT_VERSION = 5.0;
				TARGETED_DEVICE_FAMILY = "1,2";
			};
			name = Debug;
		};
		5947D19B263978B50055378C /* Release */ = {
			isa = XCBuildConfiguration;
			buildSettings = {
				ASSETCATALOG_COMPILER_APPICON_NAME = AppIcon;
				ASSETCATALOG_COMPILER_GLOBAL_ACCENT_COLOR_NAME = AccentColor;
				CODE_SIGN_STYLE = Automatic;
				DEVELOPMENT_TEAM = 6924K5V5X2;
				INFOPLIST_FILE = "MyPlaces 2.0/Info.plist";
				LD_RUNPATH_SEARCH_PATHS = (
					"$(inherited)",
					"@executable_path/Frameworks",
				);
				PRODUCT_BUNDLE_IDENTIFIER = "OlesyaEgorova.MyPlaces-2-0";
				PRODUCT_NAME = "$(TARGET_NAME)";
				SWIFT_VERSION = 5.0;
				TARGETED_DEVICE_FAMILY = "1,2";
			};
			name = Release;
		};
/* End XCBuildConfiguration section */

/* Begin XCConfigurationList section */
		5947D180263978B40055378C /* Build configuration list for PBXProject "MyPlaces 2.0" */ = {
			isa = XCConfigurationList;
			buildConfigurations = (
				5947D197263978B50055378C /* Debug */,
				5947D198263978B50055378C /* Release */,
			);
			defaultConfigurationIsVisible = 0;
			defaultConfigurationName = Release;
		};
		5947D199263978B50055378C /* Build configuration list for PBXNativeTarget "MyPlaces 2.0" */ = {
			isa = XCConfigurationList;
			buildConfigurations = (
				5947D19A263978B50055378C /* Debug */,
				5947D19B263978B50055378C /* Release */,
			);
			defaultConfigurationIsVisible = 0;
			defaultConfigurationName = Release;
		};
/* End XCConfigurationList section */
	};
	rootObject = 5947D17D263978B40055378C /* Project object */;
}
